
Microsoft Visual Studio Solution File, Format Version 12.00
# Visual Studio 15
VisualStudioVersion = 15.0.26730.10
MinimumVisualStudioVersion = 10.0.40219.1

Project("{6EC3EE1D-3C4E-46DD-8F32-0CC8E7565705}") = "MyFabulousDemo", "MyFabulousDemo\MyFabulousDemo.fsproj", "{86D021B2-B205-45D3-B69F-A1E6E9B72898}"
EndProject

Project("{F2A71F9B-5D33-465A-A702-920D77279786}") = "MyFabulousDemo.Android", "MyFabulousDemo.Android\MyFabulousDemo.Android.fsproj", "{13326069-FFCF-4628-AAF5-255D254B2BAD}"
EndProject


Project("{F2A71F9B-5D33-465A-A702-920D77279786}") = "MyFabulousDemo.iOS", "MyFabulousDemo.iOS\MyFabulousDemo.iOS.fsproj", "{74E066F7-E74B-404B-AF50-D12AB5430C0C}"
EndProject



Project("{FAE04EC0-301F-11D3-BF4B-00C04F79EFBC}") = "MyFabulousDemo.UWP", "MyFabulousDemo.UWP\MyFabulousDemo.UWP.csproj", "{4DEA5A2A-405D-405D-AAFB-6119A1F8339B}"
EndProject

Global
	GlobalSection(SolutionConfigurationPlatforms) = preSolution
		Ad-Hoc|Any CPU = Ad-Hoc|Any CPU
		Ad-Hoc|ARM = Ad-Hoc|ARM
		Ad-Hoc|iPhone = Ad-Hoc|iPhone
		Ad-Hoc|iPhoneSimulator = Ad-Hoc|iPhoneSimulator
		Ad-Hoc|x64 = Ad-Hoc|x64
		Ad-Hoc|x86 = Ad-Hoc|x86
		AppStore|Any CPU = AppStore|Any CPU
		AppStore|ARM = AppStore|ARM
		AppStore|iPhone = AppStore|iPhone
		AppStore|iPhoneSimulator = AppStore|iPhoneSimulator
		AppStore|x64 = AppStore|x64
		AppStore|x86 = AppStore|x86
		Debug|Any CPU = Debug|Any CPU
		Debug|ARM = Debug|ARM
		Debug|iPhone = Debug|iPhone
		Debug|iPhoneSimulator = Debug|iPhoneSimulator
		Debug|x64 = Debug|x64
		Debug|x86 = Debug|x86
		Release|Any CPU = Release|Any CPU
		Release|ARM = Release|ARM
		Release|iPhone = Release|iPhone
		Release|iPhoneSimulator = Release|iPhoneSimulator
		Release|x64 = Release|x64
		Release|x86 = Release|x86
	EndGlobalSection
	GlobalSection(ProjectConfigurationPlatforms) = postSolution
		{86D021B2-B205-45D3-B69F-A1E6E9B72898}.Ad-Hoc|Any CPU.ActiveCfg = Debug|Any CPU
		{86D021B2-B205-45D3-B69F-A1E6E9B72898}.Ad-Hoc|Any CPU.Build.0 = Debug|Any CPU
		{86D021B2-B205-45D3-B69F-A1E6E9B72898}.Ad-Hoc|ARM.ActiveCfg = Debug|Any CPU
		{86D021B2-B205-45D3-B69F-A1E6E9B72898}.Ad-Hoc|ARM.Build.0 = Debug|Any CPU
		{86D021B2-B205-45D3-B69F-A1E6E9B72898}.Ad-Hoc|iPhone.ActiveCfg = Debug|Any CPU
		{86D021B2-B205-45D3-B69F-A1E6E9B72898}.Ad-Hoc|iPhone.Build.0 = Debug|Any CPU
		{86D021B2-B205-45D3-B69F-A1E6E9B72898}.Ad-Hoc|iPhoneSimulator.ActiveCfg = Debug|Any CPU
		{86D021B2-B205-45D3-B69F-A1E6E9B72898}.Ad-Hoc|iPhoneSimulator.Build.0 = Debug|Any CPU
		{86D021B2-B205-45D3-B69F-A1E6E9B72898}.Ad-Hoc|x64.ActiveCfg = Debug|Any CPU
		{86D021B2-B205-45D3-B69F-A1E6E9B72898}.Ad-Hoc|x64.Build.0 = Debug|Any CPU
		{86D021B2-B205-45D3-B69F-A1E6E9B72898}.Ad-Hoc|x86.ActiveCfg = Debug|Any CPU
		{86D021B2-B205-45D3-B69F-A1E6E9B72898}.Ad-Hoc|x86.Build.0 = Debug|Any CPU
		{86D021B2-B205-45D3-B69F-A1E6E9B72898}.AppStore|Any CPU.ActiveCfg = Debug|Any CPU
		{86D021B2-B205-45D3-B69F-A1E6E9B72898}.AppStore|Any CPU.Build.0 = Debug|Any CPU
		{86D021B2-B205-45D3-B69F-A1E6E9B72898}.AppStore|ARM.ActiveCfg = Debug|Any CPU
		{86D021B2-B205-45D3-B69F-A1E6E9B72898}.AppStore|ARM.Build.0 = Debug|Any CPU
		{86D021B2-B205-45D3-B69F-A1E6E9B72898}.AppStore|iPhone.ActiveCfg = Debug|Any CPU
		{86D021B2-B205-45D3-B69F-A1E6E9B72898}.AppStore|iPhone.Build.0 = Debug|Any CPU
		{86D021B2-B205-45D3-B69F-A1E6E9B72898}.AppStore|iPhoneSimulator.ActiveCfg = Debug|Any CPU
		{86D021B2-B205-45D3-B69F-A1E6E9B72898}.AppStore|iPhoneSimulator.Build.0 = Debug|Any CPU
		{86D021B2-B205-45D3-B69F-A1E6E9B72898}.AppStore|x64.ActiveCfg = Debug|Any CPU
		{86D021B2-B205-45D3-B69F-A1E6E9B72898}.AppStore|x64.Build.0 = Debug|Any CPU
		{86D021B2-B205-45D3-B69F-A1E6E9B72898}.AppStore|x86.ActiveCfg = Debug|Any CPU
		{86D021B2-B205-45D3-B69F-A1E6E9B72898}.AppStore|x86.Build.0 = Debug|Any CPU
		{86D021B2-B205-45D3-B69F-A1E6E9B72898}.Debug|Any CPU.ActiveCfg = Debug|Any CPU
		{86D021B2-B205-45D3-B69F-A1E6E9B72898}.Debug|Any CPU.Build.0 = Debug|Any CPU
		{86D021B2-B205-45D3-B69F-A1E6E9B72898}.Debug|ARM.ActiveCfg = Debug|Any CPU
		{86D021B2-B205-45D3-B69F-A1E6E9B72898}.Debug|ARM.Build.0 = Debug|Any CPU
		{86D021B2-B205-45D3-B69F-A1E6E9B72898}.Debug|iPhone.ActiveCfg = Debug|Any CPU
		{86D021B2-B205-45D3-B69F-A1E6E9B72898}.Debug|iPhone.Build.0 = Debug|Any CPU
		{86D021B2-B205-45D3-B69F-A1E6E9B72898}.Debug|iPhoneSimulator.ActiveCfg = Debug|Any CPU
		{86D021B2-B205-45D3-B69F-A1E6E9B72898}.Debug|iPhoneSimulator.Build.0 = Debug|Any CPU
		{86D021B2-B205-45D3-B69F-A1E6E9B72898}.Debug|x64.ActiveCfg = Debug|Any CPU
		{86D021B2-B205-45D3-B69F-A1E6E9B72898}.Debug|x64.Build.0 = Debug|Any CPU
		{86D021B2-B205-45D3-B69F-A1E6E9B72898}.Debug|x86.ActiveCfg = Debug|Any CPU
		{86D021B2-B205-45D3-B69F-A1E6E9B72898}.Debug|x86.Build.0 = Debug|Any CPU
		{86D021B2-B205-45D3-B69F-A1E6E9B72898}.Release|Any CPU.ActiveCfg = Release|Any CPU
		{86D021B2-B205-45D3-B69F-A1E6E9B72898}.Release|Any CPU.Build.0 = Release|Any CPU
		{86D021B2-B205-45D3-B69F-A1E6E9B72898}.Release|ARM.ActiveCfg = Release|Any CPU
		{86D021B2-B205-45D3-B69F-A1E6E9B72898}.Release|ARM.Build.0 = Release|Any CPU
		{86D021B2-B205-45D3-B69F-A1E6E9B72898}.Release|iPhone.ActiveCfg = Release|Any CPU
		{86D021B2-B205-45D3-B69F-A1E6E9B72898}.Release|iPhone.Build.0 = Release|Any CPU
		{86D021B2-B205-45D3-B69F-A1E6E9B72898}.Release|iPhoneSimulator.ActiveCfg = Release|Any CPU
		{86D021B2-B205-45D3-B69F-A1E6E9B72898}.Release|iPhoneSimulator.Build.0 = Release|Any CPU
		{86D021B2-B205-45D3-B69F-A1E6E9B72898}.Release|x64.ActiveCfg = Release|Any CPU
		{86D021B2-B205-45D3-B69F-A1E6E9B72898}.Release|x64.Build.0 = Release|Any CPU
		{86D021B2-B205-45D3-B69F-A1E6E9B72898}.Release|x86.ActiveCfg = Release|Any CPU
		{86D021B2-B205-45D3-B69F-A1E6E9B72898}.Release|x86.Build.0 = Release|Any CPU
		{74E066F7-E74B-404B-AF50-D12AB5430C0C}.Ad-Hoc|Any CPU.ActiveCfg = Ad-Hoc|iPhone
		{74E066F7-E74B-404B-AF50-D12AB5430C0C}.Ad-Hoc|ARM.ActiveCfg = Ad-Hoc|iPhone
		{74E066F7-E74B-404B-AF50-D12AB5430C0C}.Ad-Hoc|iPhone.ActiveCfg = Ad-Hoc|iPhone
		{74E066F7-E74B-404B-AF50-D12AB5430C0C}.Ad-Hoc|iPhone.Build.0 = Ad-Hoc|iPhone
		{74E066F7-E74B-404B-AF50-D12AB5430C0C}.Ad-Hoc|iPhoneSimulator.ActiveCfg = Ad-Hoc|iPhoneSimulator
		{74E066F7-E74B-404B-AF50-D12AB5430C0C}.Ad-Hoc|iPhoneSimulator.Build.0 = Ad-Hoc|iPhoneSimulator
		{74E066F7-E74B-404B-AF50-D12AB5430C0C}.Ad-Hoc|x64.ActiveCfg = Ad-Hoc|iPhone
		{74E066F7-E74B-404B-AF50-D12AB5430C0C}.Ad-Hoc|x86.ActiveCfg = Ad-Hoc|iPhone
		{74E066F7-E74B-404B-AF50-D12AB5430C0C}.AppStore|Any CPU.ActiveCfg = AppStore|iPhone
		{74E066F7-E74B-404B-AF50-D12AB5430C0C}.AppStore|ARM.ActiveCfg = AppStore|iPhone
		{74E066F7-E74B-404B-AF50-D12AB5430C0C}.AppStore|iPhone.ActiveCfg = AppStore|iPhone
		{74E066F7-E74B-404B-AF50-D12AB5430C0C}.AppStore|iPhone.Build.0 = AppStore|iPhone
		{74E066F7-E74B-404B-AF50-D12AB5430C0C}.AppStore|iPhoneSimulator.ActiveCfg = AppStore|iPhoneSimulator
		{74E066F7-E74B-404B-AF50-D12AB5430C0C}.AppStore|iPhoneSimulator.Build.0 = AppStore|iPhoneSimulator
		{74E066F7-E74B-404B-AF50-D12AB5430C0C}.AppStore|x64.ActiveCfg = AppStore|iPhone
		{74E066F7-E74B-404B-AF50-D12AB5430C0C}.AppStore|x86.ActiveCfg = AppStore|iPhone
		{74E066F7-E74B-404B-AF50-D12AB5430C0C}.Debug|Any CPU.ActiveCfg = Debug|iPhone
		{74E066F7-E74B-404B-AF50-D12AB5430C0C}.Debug|ARM.ActiveCfg = Debug|iPhone
		{74E066F7-E74B-404B-AF50-D12AB5430C0C}.Debug|iPhone.ActiveCfg = Debug|iPhone
		{74E066F7-E74B-404B-AF50-D12AB5430C0C}.Debug|iPhone.Build.0 = Debug|iPhone
		{74E066F7-E74B-404B-AF50-D12AB5430C0C}.Debug|iPhoneSimulator.ActiveCfg = Debug|iPhoneSimulator
		{74E066F7-E74B-404B-AF50-D12AB5430C0C}.Debug|iPhoneSimulator.Build.0 = Debug|iPhoneSimulator
		{74E066F7-E74B-404B-AF50-D12AB5430C0C}.Debug|x64.ActiveCfg = Debug|iPhone
		{74E066F7-E74B-404B-AF50-D12AB5430C0C}.Debug|x86.ActiveCfg = Debug|iPhone
		{74E066F7-E74B-404B-AF50-D12AB5430C0C}.Release|Any CPU.ActiveCfg = Release|iPhone
		{74E066F7-E74B-404B-AF50-D12AB5430C0C}.Release|ARM.ActiveCfg = Release|iPhone
		{74E066F7-E74B-404B-AF50-D12AB5430C0C}.Release|iPhone.ActiveCfg = Release|iPhone
		{74E066F7-E74B-404B-AF50-D12AB5430C0C}.Release|iPhone.Build.0 = Release|iPhone
		{74E066F7-E74B-404B-AF50-D12AB5430C0C}.Release|iPhoneSimulator.ActiveCfg = Release|iPhoneSimulator
		{74E066F7-E74B-404B-AF50-D12AB5430C0C}.Release|iPhoneSimulator.Build.0 = Release|iPhoneSimulator
		{74E066F7-E74B-404B-AF50-D12AB5430C0C}.Release|x64.ActiveCfg = Release|iPhone
		{74E066F7-E74B-404B-AF50-D12AB5430C0C}.Release|x86.ActiveCfg = Release|iPhone
		{F1E2CC2A-981C-48B2-9CC1-1E51521BA32E}.Ad-Hoc|Any CPU.ActiveCfg = Release|x86
		{F1E2CC2A-981C-48B2-9CC1-1E51521BA32E}.Ad-Hoc|Any CPU.Build.0 = Release|x86
		{F1E2CC2A-981C-48B2-9CC1-1E51521BA32E}.Ad-Hoc|Any CPU.Deploy.0 = Release|x86
		{F1E2CC2A-981C-48B2-9CC1-1E51521BA32E}.Ad-Hoc|ARM.ActiveCfg = Release|ARM
		{F1E2CC2A-981C-48B2-9CC1-1E51521BA32E}.Ad-Hoc|ARM.Build.0 = Release|ARM
		{F1E2CC2A-981C-48B2-9CC1-1E51521BA32E}.Ad-Hoc|ARM.Deploy.0 = Release|ARM
		{F1E2CC2A-981C-48B2-9CC1-1E51521BA32E}.Ad-Hoc|iPhone.ActiveCfg = Release|x86
		{F1E2CC2A-981C-48B2-9CC1-1E51521BA32E}.Ad-Hoc|iPhone.Build.0 = Release|x86
		{F1E2CC2A-981C-48B2-9CC1-1E51521BA32E}.Ad-Hoc|iPhone.Deploy.0 = Release|x86
		{F1E2CC2A-981C-48B2-9CC1-1E51521BA32E}.Ad-Hoc|iPhoneSimulator.ActiveCfg = Release|x86
		{F1E2CC2A-981C-48B2-9CC1-1E51521BA32E}.Ad-Hoc|iPhoneSimulator.Build.0 = Release|x86
		{F1E2CC2A-981C-48B2-9CC1-1E51521BA32E}.Ad-Hoc|iPhoneSimulator.Deploy.0 = Release|x86
		{F1E2CC2A-981C-48B2-9CC1-1E51521BA32E}.Ad-Hoc|x64.ActiveCfg = Release|x64
		{F1E2CC2A-981C-48B2-9CC1-1E51521BA32E}.Ad-Hoc|x64.Build.0 = Release|x64
		{F1E2CC2A-981C-48B2-9CC1-1E51521BA32E}.Ad-Hoc|x64.Deploy.0 = Release|x64
		{F1E2CC2A-981C-48B2-9CC1-1E51521BA32E}.Ad-Hoc|x86.ActiveCfg = Release|x86
		{F1E2CC2A-981C-48B2-9CC1-1E51521BA32E}.Ad-Hoc|x86.Build.0 = Release|x86
		{F1E2CC2A-981C-48B2-9CC1-1E51521BA32E}.Ad-Hoc|x86.Deploy.0 = Release|x86
		{F1E2CC2A-981C-48B2-9CC1-1E51521BA32E}.AppStore|Any CPU.ActiveCfg = Release|x86
		{F1E2CC2A-981C-48B2-9CC1-1E51521BA32E}.AppStore|Any CPU.Build.0 = Release|x86
		{F1E2CC2A-981C-48B2-9CC1-1E51521BA32E}.AppStore|Any CPU.Deploy.0 = Release|x86
		{F1E2CC2A-981C-48B2-9CC1-1E51521BA32E}.AppStore|ARM.ActiveCfg = Release|ARM
		{F1E2CC2A-981C-48B2-9CC1-1E51521BA32E}.AppStore|ARM.Build.0 = Release|ARM
		{F1E2CC2A-981C-48B2-9CC1-1E51521BA32E}.AppStore|ARM.Deploy.0 = Release|ARM
		{F1E2CC2A-981C-48B2-9CC1-1E51521BA32E}.AppStore|iPhone.ActiveCfg = Release|x86
		{F1E2CC2A-981C-48B2-9CC1-1E51521BA32E}.AppStore|iPhone.Build.0 = Release|x86
		{F1E2CC2A-981C-48B2-9CC1-1E51521BA32E}.AppStore|iPhone.Deploy.0 = Release|x86
		{F1E2CC2A-981C-48B2-9CC1-1E51521BA32E}.AppStore|iPhoneSimulator.ActiveCfg = Release|x86
		{F1E2CC2A-981C-48B2-9CC1-1E51521BA32E}.AppStore|iPhoneSimulator.Build.0 = Release|x86
		{F1E2CC2A-981C-48B2-9CC1-1E51521BA32E}.AppStore|iPhoneSimulator.Deploy.0 = Release|x86
		{F1E2CC2A-981C-48B2-9CC1-1E51521BA32E}.AppStore|x64.ActiveCfg = Release|x64
		{F1E2CC2A-981C-48B2-9CC1-1E51521BA32E}.AppStore|x64.Build.0 = Release|x64
		{F1E2CC2A-981C-48B2-9CC1-1E51521BA32E}.AppStore|x64.Deploy.0 = Release|x64
		{F1E2CC2A-981C-48B2-9CC1-1E51521BA32E}.AppStore|x86.ActiveCfg = Release|x86
		{F1E2CC2A-981C-48B2-9CC1-1E51521BA32E}.AppStore|x86.Build.0 = Release|x86
		{F1E2CC2A-981C-48B2-9CC1-1E51521BA32E}.AppStore|x86.Deploy.0 = Release|x86
		{F1E2CC2A-981C-48B2-9CC1-1E51521BA32E}.Debug|Any CPU.ActiveCfg = Debug|x86
		{F1E2CC2A-981C-48B2-9CC1-1E51521BA32E}.Debug|ARM.ActiveCfg = Debug|ARM
		{F1E2CC2A-981C-48B2-9CC1-1E51521BA32E}.Debug|ARM.Build.0 = Debug|ARM
		{F1E2CC2A-981C-48B2-9CC1-1E51521BA32E}.Debug|ARM.Deploy.0 = Debug|ARM
		{F1E2CC2A-981C-48B2-9CC1-1E51521BA32E}.Debug|iPhone.ActiveCfg = Debug|x86
		{F1E2CC2A-981C-48B2-9CC1-1E51521BA32E}.Debug|iPhoneSimulator.ActiveCfg = Debug|x86
		{F1E2CC2A-981C-48B2-9CC1-1E51521BA32E}.Debug|x64.ActiveCfg = Debug|x64
		{F1E2CC2A-981C-48B2-9CC1-1E51521BA32E}.Debug|x64.Build.0 = Debug|x64
		{F1E2CC2A-981C-48B2-9CC1-1E51521BA32E}.Debug|x64.Deploy.0 = Debug|x64
		{F1E2CC2A-981C-48B2-9CC1-1E51521BA32E}.Debug|x86.ActiveCfg = Debug|x86
		{F1E2CC2A-981C-48B2-9CC1-1E51521BA32E}.Debug|x86.Build.0 = Debug|x86
		{F1E2CC2A-981C-48B2-9CC1-1E51521BA32E}.Debug|x86.Deploy.0 = Debug|x86
		{F1E2CC2A-981C-48B2-9CC1-1E51521BA32E}.Release|Any CPU.ActiveCfg = Release|x86
		{F1E2CC2A-981C-48B2-9CC1-1E51521BA32E}.Release|ARM.ActiveCfg = Release|ARM
		{F1E2CC2A-981C-48B2-9CC1-1E51521BA32E}.Release|ARM.Build.0 = Release|ARM
		{F1E2CC2A-981C-48B2-9CC1-1E51521BA32E}.Release|ARM.Deploy.0 = Release|ARM
		{F1E2CC2A-981C-48B2-9CC1-1E51521BA32E}.Release|iPhone.ActiveCfg = Release|x86
		{F1E2CC2A-981C-48B2-9CC1-1E51521BA32E}.Release|iPhoneSimulator.ActiveCfg = Release|x86
		{F1E2CC2A-981C-48B2-9CC1-1E51521BA32E}.Release|x64.ActiveCfg = Release|x64
		{F1E2CC2A-981C-48B2-9CC1-1E51521BA32E}.Release|x64.Build.0 = Release|x64
		{F1E2CC2A-981C-48B2-9CC1-1E51521BA32E}.Release|x64.Deploy.0 = Release|x64
		{F1E2CC2A-981C-48B2-9CC1-1E51521BA32E}.Release|x86.ActiveCfg = Release|x86
		{F1E2CC2A-981C-48B2-9CC1-1E51521BA32E}.Release|x86.Build.0 = Release|x86
		{F1E2CC2A-981C-48B2-9CC1-1E51521BA32E}.Release|x86.Deploy.0 = Release|x86
		{DD73D672-A847-435D-9F53-A66BA3001D2E}.Ad-Hoc|Any CPU.ActiveCfg = Release|Any CPU
		{DD73D672-A847-435D-9F53-A66BA3001D2E}.Ad-Hoc|Any CPU.Build.0 = Release|Any CPU
		{DD73D672-A847-435D-9F53-A66BA3001D2E}.Ad-Hoc|ARM.ActiveCfg = Release|Any CPU
		{DD73D672-A847-435D-9F53-A66BA3001D2E}.Ad-Hoc|ARM.Build.0 = Release|Any CPU
		{DD73D672-A847-435D-9F53-A66BA3001D2E}.Ad-Hoc|iPhone.ActiveCfg = Release|Any CPU
		{DD73D672-A847-435D-9F53-A66BA3001D2E}.Ad-Hoc|iPhone.Build.0 = Release|Any CPU
		{DD73D672-A847-435D-9F53-A66BA3001D2E}.Ad-Hoc|iPhoneSimulator.ActiveCfg = Release|Any CPU
		{DD73D672-A847-435D-9F53-A66BA3001D2E}.Ad-Hoc|iPhoneSimulator.Build.0 = Release|Any CPU
		{DD73D672-A847-435D-9F53-A66BA3001D2E}.Ad-Hoc|x64.ActiveCfg = Release|Any CPU
		{DD73D672-A847-435D-9F53-A66BA3001D2E}.Ad-Hoc|x64.Build.0 = Release|Any CPU
		{DD73D672-A847-435D-9F53-A66BA3001D2E}.Ad-Hoc|x86.ActiveCfg = Release|Any CPU
		{DD73D672-A847-435D-9F53-A66BA3001D2E}.Ad-Hoc|x86.Build.0 = Release|Any CPU
		{DD73D672-A847-435D-9F53-A66BA3001D2E}.AppStore|Any CPU.ActiveCfg = Release|Any CPU
		{DD73D672-A847-435D-9F53-A66BA3001D2E}.AppStore|Any CPU.Build.0 = Release|Any CPU
		{DD73D672-A847-435D-9F53-A66BA3001D2E}.AppStore|ARM.ActiveCfg = Release|Any CPU
		{DD73D672-A847-435D-9F53-A66BA3001D2E}.AppStore|ARM.Build.0 = Release|Any CPU
		{DD73D672-A847-435D-9F53-A66BA3001D2E}.AppStore|iPhone.ActiveCfg = Release|Any CPU
		{DD73D672-A847-435D-9F53-A66BA3001D2E}.AppStore|iPhone.Build.0 = Release|Any CPU
		{DD73D672-A847-435D-9F53-A66BA3001D2E}.AppStore|iPhoneSimulator.ActiveCfg = Release|Any CPU
		{DD73D672-A847-435D-9F53-A66BA3001D2E}.AppStore|iPhoneSimulator.Build.0 = Release|Any CPU
		{DD73D672-A847-435D-9F53-A66BA3001D2E}.AppStore|x64.ActiveCfg = Release|Any CPU
		{DD73D672-A847-435D-9F53-A66BA3001D2E}.AppStore|x64.Build.0 = Release|Any CPU
		{DD73D672-A847-435D-9F53-A66BA3001D2E}.AppStore|x86.ActiveCfg = Release|Any CPU
		{DD73D672-A847-435D-9F53-A66BA3001D2E}.AppStore|x86.Build.0 = Release|Any CPU
		{DD73D672-A847-435D-9F53-A66BA3001D2E}.Debug|Any CPU.ActiveCfg = Debug|Any CPU
		{DD73D672-A847-435D-9F53-A66BA3001D2E}.Debug|Any CPU.Build.0 = Debug|Any CPU
		{DD73D672-A847-435D-9F53-A66BA3001D2E}.Debug|ARM.ActiveCfg = Debug|Any CPU
		{DD73D672-A847-435D-9F53-A66BA3001D2E}.Debug|ARM.Build.0 = Debug|Any CPU
		{DD73D672-A847-435D-9F53-A66BA3001D2E}.Debug|iPhone.ActiveCfg = Debug|Any CPU
		{DD73D672-A847-435D-9F53-A66BA3001D2E}.Debug|iPhone.Build.0 = Debug|Any CPU
		{DD73D672-A847-435D-9F53-A66BA3001D2E}.Debug|iPhoneSimulator.ActiveCfg = Debug|Any CPU
		{DD73D672-A847-435D-9F53-A66BA3001D2E}.Debug|iPhoneSimulator.Build.0 = Debug|Any CPU
		{DD73D672-A847-435D-9F53-A66BA3001D2E}.Debug|x64.ActiveCfg = Debug|Any CPU
		{DD73D672-A847-435D-9F53-A66BA3001D2E}.Debug|x64.Build.0 = Debug|Any CPU
		{DD73D672-A847-435D-9F53-A66BA3001D2E}.Debug|x86.ActiveCfg = Debug|Any CPU
		{DD73D672-A847-435D-9F53-A66BA3001D2E}.Debug|x86.Build.0 = Debug|Any CPU
		{DD73D672-A847-435D-9F53-A66BA3001D2E}.Release|Any CPU.ActiveCfg = Release|Any CPU
		{DD73D672-A847-435D-9F53-A66BA3001D2E}.Release|Any CPU.Build.0 = Release|Any CPU
		{DD73D672-A847-435D-9F53-A66BA3001D2E}.Release|ARM.ActiveCfg = Release|Any CPU
		{DD73D672-A847-435D-9F53-A66BA3001D2E}.Release|ARM.Build.0 = Release|Any CPU
		{DD73D672-A847-435D-9F53-A66BA3001D2E}.Release|iPhone.ActiveCfg = Release|Any CPU
		{DD73D672-A847-435D-9F53-A66BA3001D2E}.Release|iPhone.Build.0 = Release|Any CPU
		{DD73D672-A847-435D-9F53-A66BA3001D2E}.Release|iPhoneSimulator.ActiveCfg = Release|Any CPU
		{DD73D672-A847-435D-9F53-A66BA3001D2E}.Release|iPhoneSimulator.Build.0 = Release|Any CPU
		{DD73D672-A847-435D-9F53-A66BA3001D2E}.Release|x64.ActiveCfg = Release|Any CPU
		{DD73D672-A847-435D-9F53-A66BA3001D2E}.Release|x64.Build.0 = Release|Any CPU
		{DD73D672-A847-435D-9F53-A66BA3001D2E}.Release|x86.ActiveCfg = Release|Any CPU
		{DD73D672-A847-435D-9F53-A66BA3001D2E}.Release|x86.Build.0 = Release|Any CPU
		{E1B689AB-EFAB-4513-B05F-E20634CD4643}.Ad-Hoc|Any CPU.ActiveCfg = Release|Any CPU
		{E1B689AB-EFAB-4513-B05F-E20634CD4643}.Ad-Hoc|Any CPU.Build.0 = Release|Any CPU
		{E1B689AB-EFAB-4513-B05F-E20634CD4643}.Ad-Hoc|ARM.ActiveCfg = Release|Any CPU
		{E1B689AB-EFAB-4513-B05F-E20634CD4643}.Ad-Hoc|ARM.Build.0 = Release|Any CPU
		{E1B689AB-EFAB-4513-B05F-E20634CD4643}.Ad-Hoc|iPhone.ActiveCfg = Release|Any CPU
		{E1B689AB-EFAB-4513-B05F-E20634CD4643}.Ad-Hoc|iPhone.Build.0 = Release|Any CPU
		{E1B689AB-EFAB-4513-B05F-E20634CD4643}.Ad-Hoc|iPhoneSimulator.ActiveCfg = Release|Any CPU
		{E1B689AB-EFAB-4513-B05F-E20634CD4643}.Ad-Hoc|iPhoneSimulator.Build.0 = Release|Any CPU
		{E1B689AB-EFAB-4513-B05F-E20634CD4643}.Ad-Hoc|x64.ActiveCfg = Release|Any CPU
		{E1B689AB-EFAB-4513-B05F-E20634CD4643}.Ad-Hoc|x64.Build.0 = Release|Any CPU
		{E1B689AB-EFAB-4513-B05F-E20634CD4643}.Ad-Hoc|x86.ActiveCfg = Release|Any CPU
		{E1B689AB-EFAB-4513-B05F-E20634CD4643}.Ad-Hoc|x86.Build.0 = Release|Any CPU
		{E1B689AB-EFAB-4513-B05F-E20634CD4643}.AppStore|Any CPU.ActiveCfg = Release|Any CPU
		{E1B689AB-EFAB-4513-B05F-E20634CD4643}.AppStore|Any CPU.Build.0 = Release|Any CPU
		{E1B689AB-EFAB-4513-B05F-E20634CD4643}.AppStore|ARM.ActiveCfg = Release|Any CPU
		{E1B689AB-EFAB-4513-B05F-E20634CD4643}.AppStore|ARM.Build.0 = Release|Any CPU
		{E1B689AB-EFAB-4513-B05F-E20634CD4643}.AppStore|iPhone.ActiveCfg = Release|Any CPU
		{E1B689AB-EFAB-4513-B05F-E20634CD4643}.AppStore|iPhone.Build.0 = Release|Any CPU
		{E1B689AB-EFAB-4513-B05F-E20634CD4643}.AppStore|iPhoneSimulator.ActiveCfg = Release|Any CPU
		{E1B689AB-EFAB-4513-B05F-E20634CD4643}.AppStore|iPhoneSimulator.Build.0 = Release|Any CPU
		{E1B689AB-EFAB-4513-B05F-E20634CD4643}.AppStore|x64.ActiveCfg = Release|Any CPU
		{E1B689AB-EFAB-4513-B05F-E20634CD4643}.AppStore|x64.Build.0 = Release|Any CPU
		{E1B689AB-EFAB-4513-B05F-E20634CD4643}.AppStore|x86.ActiveCfg = Release|Any CPU
		{E1B689AB-EFAB-4513-B05F-E20634CD4643}.AppStore|x86.Build.0 = Release|Any CPU
		{E1B689AB-EFAB-4513-B05F-E20634CD4643}.Debug|Any CPU.ActiveCfg = Debug|Any CPU
		{E1B689AB-EFAB-4513-B05F-E20634CD4643}.Debug|Any CPU.Build.0 = Debug|Any CPU
		{E1B689AB-EFAB-4513-B05F-E20634CD4643}.Debug|ARM.ActiveCfg = Debug|Any CPU
		{E1B689AB-EFAB-4513-B05F-E20634CD4643}.Debug|ARM.Build.0 = Debug|Any CPU
		{E1B689AB-EFAB-4513-B05F-E20634CD4643}.Debug|iPhone.ActiveCfg = Debug|Any CPU
		{E1B689AB-EFAB-4513-B05F-E20634CD4643}.Debug|iPhone.Build.0 = Debug|Any CPU
		{E1B689AB-EFAB-4513-B05F-E20634CD4643}.Debug|iPhoneSimulator.ActiveCfg = Debug|Any CPU
		{E1B689AB-EFAB-4513-B05F-E20634CD4643}.Debug|iPhoneSimulator.Build.0 = Debug|Any CPU
		{E1B689AB-EFAB-4513-B05F-E20634CD4643}.Debug|x64.ActiveCfg = Debug|Any CPU
		{E1B689AB-EFAB-4513-B05F-E20634CD4643}.Debug|x64.Build.0 = Debug|Any CPU
		{E1B689AB-EFAB-4513-B05F-E20634CD4643}.Debug|x86.ActiveCfg = Debug|Any CPU
		{E1B689AB-EFAB-4513-B05F-E20634CD4643}.Debug|x86.Build.0 = Debug|Any CPU
		{E1B689AB-EFAB-4513-B05F-E20634CD4643}.Release|Any CPU.ActiveCfg = Release|Any CPU
		{E1B689AB-EFAB-4513-B05F-E20634CD4643}.Release|Any CPU.Build.0 = Release|Any CPU
		{E1B689AB-EFAB-4513-B05F-E20634CD4643}.Release|ARM.ActiveCfg = Release|Any CPU
		{E1B689AB-EFAB-4513-B05F-E20634CD4643}.Release|ARM.Build.0 = Release|Any CPU
		{E1B689AB-EFAB-4513-B05F-E20634CD4643}.Release|iPhone.ActiveCfg = Release|Any CPU
		{E1B689AB-EFAB-4513-B05F-E20634CD4643}.Release|iPhone.Build.0 = Release|Any CPU
		{E1B689AB-EFAB-4513-B05F-E20634CD4643}.Release|iPhoneSimulator.ActiveCfg = Release|Any CPU
		{E1B689AB-EFAB-4513-B05F-E20634CD4643}.Release|iPhoneSimulator.Build.0 = Release|Any CPU
		{E1B689AB-EFAB-4513-B05F-E20634CD4643}.Release|x64.ActiveCfg = Release|Any CPU
		{E1B689AB-EFAB-4513-B05F-E20634CD4643}.Release|x64.Build.0 = Release|Any CPU
		{E1B689AB-EFAB-4513-B05F-E20634CD4643}.Release|x86.ActiveCfg = Release|Any CPU
		{E1B689AB-EFAB-4513-B05F-E20634CD4643}.Release|x86.Build.0 = Release|Any CPU
		{13326069-FFCF-4628-AAF5-255D254B2BAD}.Ad-Hoc|Any CPU.ActiveCfg = Release|Any CPU
		{13326069-FFCF-4628-AAF5-255D254B2BAD}.Ad-Hoc|Any CPU.Build.0 = Release|Any CPU
		{13326069-FFCF-4628-AAF5-255D254B2BAD}.Ad-Hoc|ARM.ActiveCfg = Release|Any CPU
		{13326069-FFCF-4628-AAF5-255D254B2BAD}.Ad-Hoc|ARM.Build.0 = Release|Any CPU
		{13326069-FFCF-4628-AAF5-255D254B2BAD}.Ad-Hoc|iPhone.ActiveCfg = Release|Any CPU
		{13326069-FFCF-4628-AAF5-255D254B2BAD}.Ad-Hoc|iPhone.Build.0 = Release|Any CPU
		{13326069-FFCF-4628-AAF5-255D254B2BAD}.Ad-Hoc|iPhoneSimulator.ActiveCfg = Release|Any CPU
		{13326069-FFCF-4628-AAF5-255D254B2BAD}.Ad-Hoc|iPhoneSimulator.Build.0 = Release|Any CPU
		{13326069-FFCF-4628-AAF5-255D254B2BAD}.Ad-Hoc|x64.ActiveCfg = Release|Any CPU
		{13326069-FFCF-4628-AAF5-255D254B2BAD}.Ad-Hoc|x64.Build.0 = Release|Any CPU
		{13326069-FFCF-4628-AAF5-255D254B2BAD}.Ad-Hoc|x86.ActiveCfg = Release|Any CPU
		{13326069-FFCF-4628-AAF5-255D254B2BAD}.Ad-Hoc|x86.Build.0 = Release|Any CPU
		{13326069-FFCF-4628-AAF5-255D254B2BAD}.AppStore|Any CPU.ActiveCfg = Release|Any CPU
		{13326069-FFCF-4628-AAF5-255D254B2BAD}.AppStore|Any CPU.Build.0 = Release|Any CPU
		{13326069-FFCF-4628-AAF5-255D254B2BAD}.AppStore|ARM.ActiveCfg = Release|Any CPU
		{13326069-FFCF-4628-AAF5-255D254B2BAD}.AppStore|ARM.Build.0 = Release|Any CPU
		{13326069-FFCF-4628-AAF5-255D254B2BAD}.AppStore|iPhone.ActiveCfg = Release|Any CPU
		{13326069-FFCF-4628-AAF5-255D254B2BAD}.AppStore|iPhone.Build.0 = Release|Any CPU
		{13326069-FFCF-4628-AAF5-255D254B2BAD}.AppStore|iPhoneSimulator.ActiveCfg = Release|Any CPU
		{13326069-FFCF-4628-AAF5-255D254B2BAD}.AppStore|iPhoneSimulator.Build.0 = Release|Any CPU
		{13326069-FFCF-4628-AAF5-255D254B2BAD}.AppStore|x64.ActiveCfg = Release|Any CPU
		{13326069-FFCF-4628-AAF5-255D254B2BAD}.AppStore|x64.Build.0 = Release|Any CPU
		{13326069-FFCF-4628-AAF5-255D254B2BAD}.AppStore|x86.ActiveCfg = Release|Any CPU
		{13326069-FFCF-4628-AAF5-255D254B2BAD}.AppStore|x86.Build.0 = Release|Any CPU
		{13326069-FFCF-4628-AAF5-255D254B2BAD}.Debug|Any CPU.ActiveCfg = Debug|Any CPU
		{13326069-FFCF-4628-AAF5-255D254B2BAD}.Debug|Any CPU.Build.0 = Debug|Any CPU
		{13326069-FFCF-4628-AAF5-255D254B2BAD}.Debug|Any CPU.Deploy.0 = Debug|Any CPU
		{13326069-FFCF-4628-AAF5-255D254B2BAD}.Debug|ARM.ActiveCfg = Debug|Any CPU
		{13326069-FFCF-4628-AAF5-255D254B2BAD}.Debug|ARM.Build.0 = Debug|Any CPU
		{13326069-FFCF-4628-AAF5-255D254B2BAD}.Debug|iPhone.ActiveCfg = Debug|Any CPU
		{13326069-FFCF-4628-AAF5-255D254B2BAD}.Debug|iPhone.Build.0 = Debug|Any CPU
		{13326069-FFCF-4628-AAF5-255D254B2BAD}.Debug|iPhoneSimulator.ActiveCfg = Debug|Any CPU
		{13326069-FFCF-4628-AAF5-255D254B2BAD}.Debug|iPhoneSimulator.Build.0 = Debug|Any CPU
		{13326069-FFCF-4628-AAF5-255D254B2BAD}.Debug|x64.ActiveCfg = Debug|Any CPU
		{13326069-FFCF-4628-AAF5-255D254B2BAD}.Debug|x64.Build.0 = Debug|Any CPU
		{13326069-FFCF-4628-AAF5-255D254B2BAD}.Debug|x86.ActiveCfg = Debug|Any CPU
		{13326069-FFCF-4628-AAF5-255D254B2BAD}.Debug|x86.Build.0 = Debug|Any CPU
		{13326069-FFCF-4628-AAF5-255D254B2BAD}.Release|Any CPU.ActiveCfg = Release|Any CPU
		{13326069-FFCF-4628-AAF5-255D254B2BAD}.Release|Any CPU.Build.0 = Release|Any CPU
		{13326069-FFCF-4628-AAF5-255D254B2BAD}.Release|Any CPU.Deploy.0 = Release|Any CPU
		{13326069-FFCF-4628-AAF5-255D254B2BAD}.Release|ARM.ActiveCfg = Release|Any CPU
		{13326069-FFCF-4628-AAF5-255D254B2BAD}.Release|ARM.Build.0 = Release|Any CPU
		{13326069-FFCF-4628-AAF5-255D254B2BAD}.Release|iPhone.ActiveCfg = Release|Any CPU
		{13326069-FFCF-4628-AAF5-255D254B2BAD}.Release|iPhone.Build.0 = Release|Any CPU
		{13326069-FFCF-4628-AAF5-255D254B2BAD}.Release|iPhoneSimulator.ActiveCfg = Release|Any CPU
		{13326069-FFCF-4628-AAF5-255D254B2BAD}.Release|iPhoneSimulator.Build.0 = Release|Any CPU
		{13326069-FFCF-4628-AAF5-255D254B2BAD}.Release|x64.ActiveCfg = Release|Any CPU
		{13326069-FFCF-4628-AAF5-255D254B2BAD}.Release|x64.Build.0 = Release|Any CPU
		{13326069-FFCF-4628-AAF5-255D254B2BAD}.Release|x86.ActiveCfg = Release|Any CPU
		{13326069-FFCF-4628-AAF5-255D254B2BAD}.Release|x86.Build.0 = Release|Any CPU
		{E07F1C0F-7AA2-488A-8306-79048B034702}.Ad-Hoc|Any CPU.ActiveCfg = Release|Any CPU
		{E07F1C0F-7AA2-488A-8306-79048B034702}.Ad-Hoc|Any CPU.Build.0 = Release|Any CPU
		{E07F1C0F-7AA2-488A-8306-79048B034702}.Ad-Hoc|ARM.ActiveCfg = Release|Any CPU
		{E07F1C0F-7AA2-488A-8306-79048B034702}.Ad-Hoc|ARM.Build.0 = Release|Any CPU
		{E07F1C0F-7AA2-488A-8306-79048B034702}.Ad-Hoc|iPhone.ActiveCfg = Release|Any CPU
		{E07F1C0F-7AA2-488A-8306-79048B034702}.Ad-Hoc|iPhone.Build.0 = Release|Any CPU
		{E07F1C0F-7AA2-488A-8306-79048B034702}.Ad-Hoc|iPhoneSimulator.ActiveCfg = Release|Any CPU
		{E07F1C0F-7AA2-488A-8306-79048B034702}.Ad-Hoc|iPhoneSimulator.Build.0 = Release|Any CPU
		{E07F1C0F-7AA2-488A-8306-79048B034702}.Ad-Hoc|x64.ActiveCfg = Release|Any CPU
		{E07F1C0F-7AA2-488A-8306-79048B034702}.Ad-Hoc|x64.Build.0 = Release|Any CPU
		{E07F1C0F-7AA2-488A-8306-79048B034702}.Ad-Hoc|x86.ActiveCfg = Release|Any CPU
		{E07F1C0F-7AA2-488A-8306-79048B034702}.Ad-Hoc|x86.Build.0 = Release|Any CPU
		{E07F1C0F-7AA2-488A-8306-79048B034702}.AppStore|Any CPU.ActiveCfg = Release|Any CPU
		{E07F1C0F-7AA2-488A-8306-79048B034702}.AppStore|Any CPU.Build.0 = Release|Any CPU
		{E07F1C0F-7AA2-488A-8306-79048B034702}.AppStore|ARM.ActiveCfg = Release|Any CPU
		{E07F1C0F-7AA2-488A-8306-79048B034702}.AppStore|ARM.Build.0 = Release|Any CPU
		{E07F1C0F-7AA2-488A-8306-79048B034702}.AppStore|iPhone.ActiveCfg = Release|Any CPU
		{E07F1C0F-7AA2-488A-8306-79048B034702}.AppStore|iPhone.Build.0 = Release|Any CPU
		{E07F1C0F-7AA2-488A-8306-79048B034702}.AppStore|iPhoneSimulator.ActiveCfg = Release|Any CPU
		{E07F1C0F-7AA2-488A-8306-79048B034702}.AppStore|iPhoneSimulator.Build.0 = Release|Any CPU
		{E07F1C0F-7AA2-488A-8306-79048B034702}.AppStore|x64.ActiveCfg = Release|Any CPU
		{E07F1C0F-7AA2-488A-8306-79048B034702}.AppStore|x64.Build.0 = Release|Any CPU
		{E07F1C0F-7AA2-488A-8306-79048B034702}.AppStore|x86.ActiveCfg = Release|Any CPU
		{E07F1C0F-7AA2-488A-8306-79048B034702}.AppStore|x86.Build.0 = Release|Any CPU
		{E07F1C0F-7AA2-488A-8306-79048B034702}.Debug|Any CPU.ActiveCfg = Debug|Any CPU
		{E07F1C0F-7AA2-488A-8306-79048B034702}.Debug|Any CPU.Build.0 = Debug|Any CPU
		{E07F1C0F-7AA2-488A-8306-79048B034702}.Debug|ARM.ActiveCfg = Debug|Any CPU
		{E07F1C0F-7AA2-488A-8306-79048B034702}.Debug|ARM.Build.0 = Debug|Any CPU
		{E07F1C0F-7AA2-488A-8306-79048B034702}.Debug|iPhone.ActiveCfg = Debug|Any CPU
		{E07F1C0F-7AA2-488A-8306-79048B034702}.Debug|iPhone.Build.0 = Debug|Any CPU
		{E07F1C0F-7AA2-488A-8306-79048B034702}.Debug|iPhoneSimulator.ActiveCfg = Debug|Any CPU
		{E07F1C0F-7AA2-488A-8306-79048B034702}.Debug|iPhoneSimulator.Build.0 = Debug|Any CPU
		{E07F1C0F-7AA2-488A-8306-79048B034702}.Debug|x64.ActiveCfg = Debug|Any CPU
		{E07F1C0F-7AA2-488A-8306-79048B034702}.Debug|x64.Build.0 = Debug|Any CPU
		{E07F1C0F-7AA2-488A-8306-79048B034702}.Debug|x86.ActiveCfg = Debug|Any CPU
		{E07F1C0F-7AA2-488A-8306-79048B034702}.Debug|x86.Build.0 = Debug|Any CPU
		{E07F1C0F-7AA2-488A-8306-79048B034702}.Release|Any CPU.ActiveCfg = Release|Any CPU
		{E07F1C0F-7AA2-488A-8306-79048B034702}.Release|Any CPU.Build.0 = Release|Any CPU
		{E07F1C0F-7AA2-488A-8306-79048B034702}.Release|ARM.ActiveCfg = Release|Any CPU
		{E07F1C0F-7AA2-488A-8306-79048B034702}.Release|ARM.Build.0 = Release|Any CPU
		{E07F1C0F-7AA2-488A-8306-79048B034702}.Release|iPhone.ActiveCfg = Release|Any CPU
		{E07F1C0F-7AA2-488A-8306-79048B034702}.Release|iPhone.Build.0 = Release|Any CPU
		{E07F1C0F-7AA2-488A-8306-79048B034702}.Release|iPhoneSimulator.ActiveCfg = Release|Any CPU
		{E07F1C0F-7AA2-488A-8306-79048B034702}.Release|iPhoneSimulator.Build.0 = Release|Any CPU
		{E07F1C0F-7AA2-488A-8306-79048B034702}.Release|x64.ActiveCfg = Release|Any CPU
		{E07F1C0F-7AA2-488A-8306-79048B034702}.Release|x64.Build.0 = Release|Any CPU
		{E07F1C0F-7AA2-488A-8306-79048B034702}.Release|x86.ActiveCfg = Release|Any CPU
		{E07F1C0F-7AA2-488A-8306-79048B034702}.Release|x86.Build.0 = Release|Any CPU
		{4DEA5A2A-405D-405D-AAFB-6119A1F8339B}.Ad-Hoc|Any CPU.ActiveCfg = Release|x64
		{4DEA5A2A-405D-405D-AAFB-6119A1F8339B}.Ad-Hoc|Any CPU.Build.0 = Release|x64
		{4DEA5A2A-405D-405D-AAFB-6119A1F8339B}.Ad-Hoc|Any CPU.Deploy.0 = Release|x64
		{4DEA5A2A-405D-405D-AAFB-6119A1F8339B}.Ad-Hoc|ARM.ActiveCfg = Release|ARM
		{4DEA5A2A-405D-405D-AAFB-6119A1F8339B}.Ad-Hoc|ARM.Build.0 = Release|ARM
		{4DEA5A2A-405D-405D-AAFB-6119A1F8339B}.Ad-Hoc|ARM.Deploy.0 = Release|ARM
		{4DEA5A2A-405D-405D-AAFB-6119A1F8339B}.Ad-Hoc|ARM64.ActiveCfg = Release|ARM64
		{4DEA5A2A-405D-405D-AAFB-6119A1F8339B}.Ad-Hoc|ARM64.Build.0 = Release|ARM64
		{4DEA5A2A-405D-405D-AAFB-6119A1F8339B}.Ad-Hoc|ARM64.Deploy.0 = Release|ARM64
		{4DEA5A2A-405D-405D-AAFB-6119A1F8339B}.Ad-Hoc|iPhone.ActiveCfg = Release|x64
		{4DEA5A2A-405D-405D-AAFB-6119A1F8339B}.Ad-Hoc|iPhone.Build.0 = Release|x64
		{4DEA5A2A-405D-405D-AAFB-6119A1F8339B}.Ad-Hoc|iPhone.Deploy.0 = Release|x64
		{4DEA5A2A-405D-405D-AAFB-6119A1F8339B}.Ad-Hoc|iPhoneSimulator.ActiveCfg = Release|x64
		{4DEA5A2A-405D-405D-AAFB-6119A1F8339B}.Ad-Hoc|iPhoneSimulator.Build.0 = Release|x64
		{4DEA5A2A-405D-405D-AAFB-6119A1F8339B}.Ad-Hoc|iPhoneSimulator.Deploy.0 = Release|x64
		{4DEA5A2A-405D-405D-AAFB-6119A1F8339B}.Ad-Hoc|x64.ActiveCfg = Release|x64
		{4DEA5A2A-405D-405D-AAFB-6119A1F8339B}.Ad-Hoc|x64.Build.0 = Release|x64
		{4DEA5A2A-405D-405D-AAFB-6119A1F8339B}.Ad-Hoc|x64.Deploy.0 = Release|x64
		{4DEA5A2A-405D-405D-AAFB-6119A1F8339B}.Ad-Hoc|x86.ActiveCfg = Release|x86
		{4DEA5A2A-405D-405D-AAFB-6119A1F8339B}.Ad-Hoc|x86.Build.0 = Release|x86
		{4DEA5A2A-405D-405D-AAFB-6119A1F8339B}.Ad-Hoc|x86.Deploy.0 = Release|x86
		{4DEA5A2A-405D-405D-AAFB-6119A1F8339B}.AppStore|Any CPU.ActiveCfg = Release|x64
		{4DEA5A2A-405D-405D-AAFB-6119A1F8339B}.AppStore|Any CPU.Build.0 = Release|x64
		{4DEA5A2A-405D-405D-AAFB-6119A1F8339B}.AppStore|Any CPU.Deploy.0 = Release|x64
		{4DEA5A2A-405D-405D-AAFB-6119A1F8339B}.AppStore|ARM.ActiveCfg = Release|ARM
		{4DEA5A2A-405D-405D-AAFB-6119A1F8339B}.AppStore|ARM.Build.0 = Release|ARM
		{4DEA5A2A-405D-405D-AAFB-6119A1F8339B}.AppStore|ARM.Deploy.0 = Release|ARM
		{4DEA5A2A-405D-405D-AAFB-6119A1F8339B}.AppStore|ARM64.ActiveCfg = Release|ARM64
		{4DEA5A2A-405D-405D-AAFB-6119A1F8339B}.AppStore|ARM64.Build.0 = Release|ARM64
		{4DEA5A2A-405D-405D-AAFB-6119A1F8339B}.AppStore|ARM64.Deploy.0 = Release|ARM64
		{4DEA5A2A-405D-405D-AAFB-6119A1F8339B}.AppStore|iPhone.ActiveCfg = Release|x64
		{4DEA5A2A-405D-405D-AAFB-6119A1F8339B}.AppStore|iPhone.Build.0 = Release|x64
		{4DEA5A2A-405D-405D-AAFB-6119A1F8339B}.AppStore|iPhone.Deploy.0 = Release|x64
		{4DEA5A2A-405D-405D-AAFB-6119A1F8339B}.AppStore|iPhoneSimulator.ActiveCfg = Release|x64
		{4DEA5A2A-405D-405D-AAFB-6119A1F8339B}.AppStore|iPhoneSimulator.Build.0 = Release|x64
		{4DEA5A2A-405D-405D-AAFB-6119A1F8339B}.AppStore|iPhoneSimulator.Deploy.0 = Release|x64
		{4DEA5A2A-405D-405D-AAFB-6119A1F8339B}.AppStore|x64.ActiveCfg = Release|x64
		{4DEA5A2A-405D-405D-AAFB-6119A1F8339B}.AppStore|x64.Build.0 = Release|x64
		{4DEA5A2A-405D-405D-AAFB-6119A1F8339B}.AppStore|x64.Deploy.0 = Release|x64
		{4DEA5A2A-405D-405D-AAFB-6119A1F8339B}.AppStore|x86.ActiveCfg = Release|x86
		{4DEA5A2A-405D-405D-AAFB-6119A1F8339B}.AppStore|x86.Build.0 = Release|x86
		{4DEA5A2A-405D-405D-AAFB-6119A1F8339B}.AppStore|x86.Deploy.0 = Release|x86
		{4DEA5A2A-405D-405D-AAFB-6119A1F8339B}.Debug|Any CPU.ActiveCfg = Debug|x86
		{4DEA5A2A-405D-405D-AAFB-6119A1F8339B}.Debug|ARM.ActiveCfg = Debug|ARM
		{4DEA5A2A-405D-405D-AAFB-6119A1F8339B}.Debug|ARM.Build.0 = Debug|ARM
		{4DEA5A2A-405D-405D-AAFB-6119A1F8339B}.Debug|ARM.Deploy.0 = Debug|ARM
		{4DEA5A2A-405D-405D-AAFB-6119A1F8339B}.Debug|ARM64.ActiveCfg = Debug|ARM64
		{4DEA5A2A-405D-405D-AAFB-6119A1F8339B}.Debug|ARM64.Build.0 = Debug|ARM64
		{4DEA5A2A-405D-405D-AAFB-6119A1F8339B}.Debug|ARM64.Deploy.0 = Debug|ARM64
		{4DEA5A2A-405D-405D-AAFB-6119A1F8339B}.Debug|iPhone.ActiveCfg = Debug|x86
		{4DEA5A2A-405D-405D-AAFB-6119A1F8339B}.Debug|iPhoneSimulator.ActiveCfg = Debug|x86
		{4DEA5A2A-405D-405D-AAFB-6119A1F8339B}.Debug|x64.ActiveCfg = Debug|x64
		{4DEA5A2A-405D-405D-AAFB-6119A1F8339B}.Debug|x64.Build.0 = Debug|x64
		{4DEA5A2A-405D-405D-AAFB-6119A1F8339B}.Debug|x64.Deploy.0 = Debug|x64
		{4DEA5A2A-405D-405D-AAFB-6119A1F8339B}.Debug|x86.ActiveCfg = Debug|x86
		{4DEA5A2A-405D-405D-AAFB-6119A1F8339B}.Debug|x86.Build.0 = Debug|x86
		{4DEA5A2A-405D-405D-AAFB-6119A1F8339B}.Debug|x86.Deploy.0 = Debug|x86
		{4DEA5A2A-405D-405D-AAFB-6119A1F8339B}.Release|Any CPU.ActiveCfg = Release|x86
		{4DEA5A2A-405D-405D-AAFB-6119A1F8339B}.Release|ARM.ActiveCfg = Release|ARM
		{4DEA5A2A-405D-405D-AAFB-6119A1F8339B}.Release|ARM.Build.0 = Release|ARM
		{4DEA5A2A-405D-405D-AAFB-6119A1F8339B}.Release|ARM.Deploy.0 = Release|ARM
		{4DEA5A2A-405D-405D-AAFB-6119A1F8339B}.Release|ARM64.ActiveCfg = Release|ARM64
		{4DEA5A2A-405D-405D-AAFB-6119A1F8339B}.Release|ARM64.Build.0 = Release|ARM64
		{4DEA5A2A-405D-405D-AAFB-6119A1F8339B}.Release|ARM64.Deploy.0 = Release|ARM64
		{4DEA5A2A-405D-405D-AAFB-6119A1F8339B}.Release|iPhone.ActiveCfg = Release|x86
		{4DEA5A2A-405D-405D-AAFB-6119A1F8339B}.Release|iPhoneSimulator.ActiveCfg = Release|x86
		{4DEA5A2A-405D-405D-AAFB-6119A1F8339B}.Release|x64.ActiveCfg = Release|x64
		{4DEA5A2A-405D-405D-AAFB-6119A1F8339B}.Release|x64.Build.0 = Release|x64
		{4DEA5A2A-405D-405D-AAFB-6119A1F8339B}.Release|x64.Deploy.0 = Release|x64
		{4DEA5A2A-405D-405D-AAFB-6119A1F8339B}.Release|x86.ActiveCfg = Release|x86
		{4DEA5A2A-405D-405D-AAFB-6119A1F8339B}.Release|x86.Build.0 = Release|x86
		{4DEA5A2A-405D-405D-AAFB-6119A1F8339B}.Release|x86.Deploy.0 = Release|x86
	EndGlobalSection
	GlobalSection(SolutionProperties) = preSolution
		HideSolutionNode = FALSE
	EndGlobalSection
	GlobalSection(ExtensibilityGlobals) = postSolution
		SolutionGuid = {F6D05029-56B8-4E45-AF2D-0E76295DDBA2}
	EndGlobalSection
EndGlobal
